// !$*UTF8*$!
{
	archiveVersion = 1;
	classes = {
	};
	objectVersion = 55;
	objects = {

/* Begin PBXBuildFile section */
		AB5339B1285375040048E74D /* AppDelegate.swift in Sources */ = {isa = PBXBuildFile; fileRef = AB5339B0285375040048E74D /* AppDelegate.swift */; };
		AB5339B3285375040048E74D /* SceneDelegate.swift in Sources */ = {isa = PBXBuildFile; fileRef = AB5339B2285375040048E74D /* SceneDelegate.swift */; };
		AB5339B5285375040048E74D /* ViewController.swift in Sources */ = {isa = PBXBuildFile; fileRef = AB5339B4285375040048E74D /* ViewController.swift */; };
		AB5339B8285375040048E74D /* Main.storyboard in Resources */ = {isa = PBXBuildFile; fileRef = AB5339B6285375040048E74D /* Main.storyboard */; };
		AB5339BA285375040048E74D /* Assets.xcassets in Resources */ = {isa = PBXBuildFile; fileRef = AB5339B9285375040048E74D /* Assets.xcassets */; };
		AB5339BD285375040048E74D /* LaunchScreen.storyboard in Resources */ = {isa = PBXBuildFile; fileRef = AB5339BB285375040048E74D /* LaunchScreen.storyboard */; };
		AB8BB42D2858CA5A009F0DF7 /* SheetViewController.swift in Sources */ = {isa = PBXBuildFile; fileRef = AB8BB42C2858CA5A009F0DF7 /* SheetViewController.swift */; };
		AB8BB42F2858CA96009F0DF7 /* Sheet.storyboard in Resources */ = {isa = PBXBuildFile; fileRef = AB8BB42E2858CA96009F0DF7 /* Sheet.storyboard */; };
		ABBE9B612863918100767086 /* SwiftUIView.swift in Sources */ = {isa = PBXBuildFile; fileRef = ABBE9B602863918100767086 /* SwiftUIView.swift */; };
		ABBE9B642863958900767086 /* StepperView in Frameworks */ = {isa = PBXBuildFile; productRef = ABBE9B632863958900767086 /* StepperView */; };
		ABBE9B6628639E1500767086 /* StepView.swift in Sources */ = {isa = PBXBuildFile; fileRef = ABBE9B6528639E1500767086 /* StepView.swift */; };
/* End PBXBuildFile section */

/* Begin PBXFileReference section */
		AB5339AD285375040048E74D /* informationSheet.app */ = {isa = PBXFileReference; explicitFileType = wrapper.application; includeInIndex = 0; path = informationSheet.app; sourceTree = BUILT_PRODUCTS_DIR; };
		AB5339B0285375040048E74D /* AppDelegate.swift */ = {isa = PBXFileReference; lastKnownFileType = sourcecode.swift; path = AppDelegate.swift; sourceTree = "<group>"; };
		AB5339B2285375040048E74D /* SceneDelegate.swift */ = {isa = PBXFileReference; lastKnownFileType = sourcecode.swift; path = SceneDelegate.swift; sourceTree = "<group>"; };
		AB5339B4285375040048E74D /* ViewController.swift */ = {isa = PBXFileReference; lastKnownFileType = sourcecode.swift; path = ViewController.swift; sourceTree = "<group>"; };
		AB5339B7285375040048E74D /* Base */ = {isa = PBXFileReference; lastKnownFileType = file.storyboard; name = Base; path = Base.lproj/Main.storyboard; sourceTree = "<group>"; };
		AB5339B9285375040048E74D /* Assets.xcassets */ = {isa = PBXFileReference; lastKnownFileType = folder.assetcatalog; path = Assets.xcassets; sourceTree = "<group>"; };
		AB5339BC285375040048E74D /* Base */ = {isa = PBXFileReference; lastKnownFileType = file.storyboard; name = Base; path = Base.lproj/LaunchScreen.storyboard; sourceTree = "<group>"; };
		AB5339BE285375040048E74D /* Info.plist */ = {isa = PBXFileReference; lastKnownFileType = text.plist.xml; path = Info.plist; sourceTree = "<group>"; };
		AB8BB42C2858CA5A009F0DF7 /* SheetViewController.swift */ = {isa = PBXFileReference; lastKnownFileType = sourcecode.swift; path = SheetViewController.swift; sourceTree = "<group>"; };
		AB8BB42E2858CA96009F0DF7 /* Sheet.storyboard */ = {isa = PBXFileReference; lastKnownFileType = file.storyboard; path = Sheet.storyboard; sourceTree = "<group>"; };
		ABBE9B602863918100767086 /* SwiftUIView.swift */ = {isa = PBXFileReference; lastKnownFileType = sourcecode.swift; path = SwiftUIView.swift; sourceTree = "<group>"; };
		ABBE9B6528639E1500767086 /* StepView.swift */ = {isa = PBXFileReference; lastKnownFileType = sourcecode.swift; path = StepView.swift; sourceTree = "<group>"; };
/* End PBXFileReference section */

/* Begin PBXFrameworksBuildPhase section */
		AB5339AA285375040048E74D /* Frameworks */ = {
			isa = PBXFrameworksBuildPhase;
			buildActionMask = 2147483647;
			files = (
				ABBE9B642863958900767086 /* StepperView in Frameworks */,
			);
			runOnlyForDeploymentPostprocessing = 0;
		};
/* End PBXFrameworksBuildPhase section */

/* Begin PBXGroup section */
		AB5339A4285375040048E74D = {
			isa = PBXGroup;
			children = (
				AB5339AF285375040048E74D /* informationSheet */,
				AB5339AE285375040048E74D /* Products */,
			);
			sourceTree = "<group>";
		};
		AB5339AE285375040048E74D /* Products */ = {
			isa = PBXGroup;
			children = (
				AB5339AD285375040048E74D /* informationSheet.app */,
			);
			name = Products;
			sourceTree = "<group>";
		};
		AB5339AF285375040048E74D /* informationSheet */ = {
			isa = PBXGroup;
			children = (
				AB5339B0285375040048E74D /* AppDelegate.swift */,
				AB5339B2285375040048E74D /* SceneDelegate.swift */,
				AB5339B4285375040048E74D /* ViewController.swift */,
				AB5339B6285375040048E74D /* Main.storyboard */,
				AB8BB42C2858CA5A009F0DF7 /* SheetViewController.swift */,
				AB8BB42E2858CA96009F0DF7 /* Sheet.storyboard */,
				AB5339B9285375040048E74D /* Assets.xcassets */,
				AB5339BB285375040048E74D /* LaunchScreen.storyboard */,
				AB5339BE285375040048E74D /* Info.plist */,
				ABBE9B602863918100767086 /* SwiftUIView.swift */,
				ABBE9B6528639E1500767086 /* StepView.swift */,
			);
			path = informationSheet;
			sourceTree = "<group>";
		};
/* End PBXGroup section */

/* Begin PBXNativeTarget section */
		AB5339AC285375040048E74D /* informationSheet */ = {
			isa = PBXNativeTarget;
			buildConfigurationList = AB5339C1285375040048E74D /* Build configuration list for PBXNativeTarget "informationSheet" */;
			buildPhases = (
				AB5339A9285375040048E74D /* Sources */,
				AB5339AA285375040048E74D /* Frameworks */,
				AB5339AB285375040048E74D /* Resources */,
				AB3570962858C29D00466968 /* ShellScript */,
			);
			buildRules = (
			);
			dependencies = (
			);
			name = informationSheet;
			packageProductDependencies = (
				ABBE9B632863958900767086 /* StepperView */,
			);
			productName = informationSheet;
			productReference = AB5339AD285375040048E74D /* informationSheet.app */;
			productType = "com.apple.product-type.application";
		};
/* End PBXNativeTarget section */

/* Begin PBXProject section */
		AB5339A5285375040048E74D /* Project object */ = {
			isa = PBXProject;
			attributes = {
				BuildIndependentTargetsInParallel = 1;
				LastSwiftUpdateCheck = 1330;
				LastUpgradeCheck = 1330;
				TargetAttributes = {
					AB5339AC285375040048E74D = {
						CreatedOnToolsVersion = 13.3;
					};
				};
			};
			buildConfigurationList = AB5339A8285375040048E74D /* Build configuration list for PBXProject "informationSheet" */;
			compatibilityVersion = "Xcode 13.0";
			developmentRegion = en;
			hasScannedForEncodings = 0;
			knownRegions = (
				en,
				Base,
			);
			mainGroup = AB5339A4285375040048E74D;
			packageReferences = (
				ABBE9B622863958900767086 /* XCRemoteSwiftPackageReference "StepperView" */,
			);
			productRefGroup = AB5339AE285375040048E74D /* Products */;
			projectDirPath = "";
			projectRoot = "";
			targets = (
				AB5339AC285375040048E74D /* informationSheet */,
			);
		};
/* End PBXProject section */

/* Begin PBXResourcesBuildPhase section */
		AB5339AB285375040048E74D /* Resources */ = {
			isa = PBXResourcesBuildPhase;
			buildActionMask = 2147483647;
			files = (
				AB8BB42F2858CA96009F0DF7 /* Sheet.storyboard in Resources */,
				AB5339BD285375040048E74D /* LaunchScreen.storyboard in Resources */,
				AB5339BA285375040048E74D /* Assets.xcassets in Resources */,
				AB5339B8285375040048E74D /* Main.storyboard in Resources */,
			);
			runOnlyForDeploymentPostprocessing = 0;
		};
/* End PBXResourcesBuildPhase section */

/* Begin PBXShellScriptBuildPhase section */
		AB3570962858C29D00466968 /* ShellScript */ = {
			isa = PBXShellScriptBuildPhase;
			buildActionMask = 2147483647;
			files = (
			);
			inputFileListPaths = (
			);
			inputPaths = (
			);
			outputFileListPaths = (
			);
			outputPaths = (
			);
			runOnlyForDeploymentPostprocessing = 0;
			shellPath = /bin/sh;
			shellScript = "export PATH=\"$PATH:/opt/homebrew/bin\"\nif which swiftlint > /dev/null; then\n  swiftlint\nelse\n  echo \"warning: SwiftLint not installed, download from https://github.com/realm/SwiftLint\"\nfi\n";
		};
/* End PBXShellScriptBuildPhase section */

/* Begin PBXSourcesBuildPhase section */
		AB5339A9285375040048E74D /* Sources */ = {
			isa = PBXSourcesBuildPhase;
			buildActionMask = 2147483647;
			files = (
				AB8BB42D2858CA5A009F0DF7 /* SheetViewController.swift in Sources */,
				AB5339B5285375040048E74D /* ViewController.swift in Sources */,
				ABBE9B6628639E1500767086 /* StepView.swift in Sources */,
				AB5339B1285375040048E74D /* AppDelegate.swift in Sources */,
				AB5339B3285375040048E74D /* SceneDelegate.swift in Sources */,
				ABBE9B612863918100767086 /* SwiftUIView.swift in Sources */,
			);
			runOnlyForDeploymentPostprocessing = 0;
		};
/* End PBXSourcesBuildPhase section */

/* Begin PBXVariantGroup section */
		AB5339B6285375040048E74D /* Main.storyboard */ = {
			isa = PBXVariantGroup;
			children = (
				AB5339B7285375040048E74D /* Base */,
			);
			name = Main.storyboard;
			sourceTree = "<group>";
		};
		AB5339BB285375040048E74D /* LaunchScreen.storyboard */ = {
			isa = PBXVariantGroup;
			children = (
				AB5339BC285375040048E74D /* Base */,
			);
			name = LaunchScreen.storyboard;
			sourceTree = "<group>";
		};
/* End PBXVariantGroup section */

/* Begin XCBuildConfiguration section */
		AB5339BF285375040048E74D /* Debug */ = {
			isa = XCBuildConfiguration;
			buildSettings = {
				ALWAYS_SEARCH_USER_PATHS = NO;
				CLANG_ANALYZER_NONNULL = YES;
				CLANG_ANALYZER_NUMBER_OBJECT_CONVERSION = YES_AGGRESSIVE;
				CLANG_CXX_LANGUAGE_STANDARD = "gnu++17";
				CLANG_ENABLE_MODULES = YES;
				CLANG_ENABLE_OBJC_ARC = YES;
				CLANG_ENABLE_OBJC_WEAK = YES;
				CLANG_WARN_BLOCK_CAPTURE_AUTORELEASING = YES;
				CLANG_WARN_BOOL_CONVERSION = YES;
				CLANG_WARN_COMMA = YES;
				CLANG_WARN_CONSTANT_CONVERSION = YES;
				CLANG_WARN_DEPRECATED_OBJC_IMPLEMENTATIONS = YES;
				CLANG_WARN_DIRECT_OBJC_ISA_USAGE = YES_ERROR;
				CLANG_WARN_DOCUMENTATION_COMMENTS = YES;
				CLANG_WARN_EMPTY_BODY = YES;
				CLANG_WARN_ENUM_CONVERSION = YES;
				CLANG_WARN_INFINITE_RECURSION = YES;
				CLANG_WARN_INT_CONVERSION = YES;
				CLANG_WARN_NON_LITERAL_NULL_CONVERSION = YES;
				CLANG_WARN_OBJC_IMPLICIT_RETAIN_SELF = YES;
				CLANG_WARN_OBJC_LITERAL_CONVERSION = YES;
				CLANG_WARN_OBJC_ROOT_CLASS = YES_ERROR;
				CLANG_WARN_QUOTED_INCLUDE_IN_FRAMEWORK_HEADER = YES;
				CLANG_WARN_RANGE_LOOP_ANALYSIS = YES;
				CLANG_WARN_STRICT_PROTOTYPES = YES;
				CLANG_WARN_SUSPICIOUS_MOVE = YES;
				CLANG_WARN_UNGUARDED_AVAILABILITY = YES_AGGRESSIVE;
				CLANG_WARN_UNREACHABLE_CODE = YES;
				CLANG_WARN__DUPLICATE_METHOD_MATCH = YES;
				COPY_PHASE_STRIP = NO;
				DEBUG_INFORMATION_FORMAT = dwarf;
				ENABLE_STRICT_OBJC_MSGSEND = YES;
				ENABLE_TESTABILITY = YES;
				GCC_C_LANGUAGE_STANDARD = gnu11;
				GCC_DYNAMIC_NO_PIC = NO;
				GCC_NO_COMMON_BLOCKS = YES;
				GCC_OPTIMIZATION_LEVEL = 0;
				GCC_PREPROCESSOR_DEFINITIONS = (
					"DEBUG=1",
					"$(inherited)",
				);
				GCC_WARN_64_TO_32_BIT_CONVERSION = YES;
				GCC_WARN_ABOUT_RETURN_TYPE = YES_ERROR;
				GCC_WARN_UNDECLARED_SELECTOR = YES;
				GCC_WARN_UNINITIALIZED_AUTOS = YES_AGGRESSIVE;
				GCC_WARN_UNUSED_FUNCTION = YES;
				GCC_WARN_UNUSED_VARIABLE = YES;
				IPHONEOS_DEPLOYMENT_TARGET = 15.4;
				MTL_ENABLE_DEBUG_INFO = INCLUDE_SOURCE;
				MTL_FAST_MATH = YES;
				ONLY_ACTIVE_ARCH = YES;
				SDKROOT = iphoneos;
				SWIFT_ACTIVE_COMPILATION_CONDITIONS = DEBUG;
				SWIFT_OPTIMIZATION_LEVEL = "-Onone";
			};
			name = Debug;
		};
		AB5339C0285375040048E74D /* Release */ = {
			isa = XCBuildConfiguration;
			buildSettings = {
				ALWAYS_SEARCH_USER_PATHS = NO;
				CLANG_ANALYZER_NONNULL = YES;
				CLANG_ANALYZER_NUMBER_OBJECT_CONVERSION = YES_AGGRESSIVE;
				CLANG_CXX_LANGUAGE_STANDARD = "gnu++17";
				CLANG_ENABLE_MODULES = YES;
				CLANG_ENABLE_OBJC_ARC = YES;
				CLANG_ENABLE_OBJC_WEAK = YES;
				CLANG_WARN_BLOCK_CAPTURE_AUTORELEASING = YES;
				CLANG_WARN_BOOL_CONVERSION = YES;
				CLANG_WARN_COMMA = YES;
				CLANG_WARN_CONSTANT_CONVERSION = YES;
				CLANG_WARN_DEPRECATED_OBJC_IMPLEMENTATIONS = YES;
				CLANG_WARN_DIRECT_OBJC_ISA_USAGE = YES_ERROR;
				CLANG_WARN_DOCUMENTATION_COMMENTS = YES;
				CLANG_WARN_EMPTY_BODY = YES;
				CLANG_WARN_ENUM_CONVERSION = YES;
				CLANG_WARN_INFINITE_RECURSION = YES;
				CLANG_WARN_INT_CONVERSION = YES;
				CLANG_WARN_NON_LITERAL_NULL_CONVERSION = YES;
				CLANG_WARN_OBJC_IMPLICIT_RETAIN_SELF = YES;
				CLANG_WARN_OBJC_LITERAL_CONVERSION = YES;
				CLANG_WARN_OBJC_ROOT_CLASS = YES_ERROR;
				CLANG_WARN_QUOTED_INCLUDE_IN_FRAMEWORK_HEADER = YES;
				CLANG_WARN_RANGE_LOOP_ANALYSIS = YES;
				CLANG_WARN_STRICT_PROTOTYPES = YES;
				CLANG_WARN_SUSPICIOUS_MOVE = YES;
				CLANG_WARN_UNGUARDED_AVAILABILITY = YES_AGGRESSIVE;
				CLANG_WARN_UNREACHABLE_CODE = YES;
				CLANG_WARN__DUPLICATE_METHOD_MATCH = YES;
				COPY_PHASE_STRIP = NO;
				DEBUG_INFORMATION_FORMAT = "dwarf-with-dsym";
				ENABLE_NS_ASSERTIONS = NO;
				ENABLE_STRICT_OBJC_MSGSEND = YES;
				GCC_C_LANGUAGE_STANDARD = gnu11;
				GCC_NO_COMMON_BLOCKS = YES;
				GCC_WARN_64_TO_32_BIT_CONVERSION = YES;
				GCC_WARN_ABOUT_RETURN_TYPE = YES_ERROR;
				GCC_WARN_UNDECLARED_SELECTOR = YES;
				GCC_WARN_UNINITIALIZED_AUTOS = YES_AGGRESSIVE;
				GCC_WARN_UNUSED_FUNCTION = YES;
				GCC_WARN_UNUSED_VARIABLE = YES;
				IPHONEOS_DEPLOYMENT_TARGET = 15.4;
				MTL_ENABLE_DEBUG_INFO = NO;
				MTL_FAST_MATH = YES;
				SDKROOT = iphoneos;
				SWIFT_COMPILATION_MODE = wholemodule;
				SWIFT_OPTIMIZATION_LEVEL = "-O";
				VALIDATE_PRODUCT = YES;
			};
			name = Release;
		};
		AB5339C2285375040048E74D /* Debug */ = {
			isa = XCBuildConfiguration;
			buildSettings = {
				ASSETCATALOG_COMPILER_APPICON_NAME = AppIcon;
				ASSETCATALOG_COMPILER_GLOBAL_ACCENT_COLOR_NAME = AccentColor;
				CODE_SIGN_STYLE = Automatic;
				CURRENT_PROJECT_VERSION = 1;
				DEVELOPMENT_TEAM = 7F3CTHW22L;
				GENERATE_INFOPLIST_FILE = YES;
				INFOPLIST_FILE = informationSheet/Info.plist;
				INFOPLIST_KEY_UIApplicationSupportsIndirectInputEvents = YES;
				INFOPLIST_KEY_UILaunchStoryboardName = LaunchScreen;
				INFOPLIST_KEY_UIMainStoryboardFile = Main;
				INFOPLIST_KEY_UISupportedInterfaceOrientations_iPad = "UIInterfaceOrientationPortrait UIInterfaceOrientationPortraitUpsideDown UIInterfaceOrientationLandscapeLeft UIInterfaceOrientationLandscapeRight";
				INFOPLIST_KEY_UISupportedInterfaceOrientations_iPhone = "UIInterfaceOrientationPortrait UIInterfaceOrientationLandscapeLeft UIInterfaceOrientationLandscapeRight";
				LD_RUNPATH_SEARCH_PATHS = (
					"$(inherited)",
					"@executable_path/Frameworks",
				);
				MARKETING_VERSION = 1.0;
				PRODUCT_BUNDLE_IDENTIFIER = UIKit.informationSheet;
				PRODUCT_NAME = "$(TARGET_NAME)";
				SWIFT_EMIT_LOC_STRINGS = YES;
				SWIFT_VERSION = 5.0;
				TARGETED_DEVICE_FAMILY = "1,2";
			};
			name = Debug;
		};
		AB5339C3285375040048E74D /* Release */ = {
			isa = XCBuildConfiguration;
			buildSettings = {
				ASSETCATALOG_COMPILER_APPICON_NAME = AppIcon;
				ASSETCATALOG_COMPILER_GLOBAL_ACCENT_COLOR_NAME = AccentColor;
				CODE_SIGN_STYLE = Automatic;
				CURRENT_PROJECT_VERSION = 1;
				DEVELOPMENT_TEAM = 7F3CTHW22L;
				GENERATE_INFOPLIST_FILE = YES;
				INFOPLIST_FILE = informationSheet/Info.plist;
				INFOPLIST_KEY_UIApplicationSupportsIndirectInputEvents = YES;
				INFOPLIST_KEY_UILaunchStoryboardName = LaunchScreen;
				INFOPLIST_KEY_UIMainStoryboardFile = Main;
				INFOPLIST_KEY_UISupportedInterfaceOrientations_iPad = "UIInterfaceOrientationPortrait UIInterfaceOrientationPortraitUpsideDown UIInterfaceOrientationLandscapeLeft UIInterfaceOrientationLandscapeRight";
				INFOPLIST_KEY_UISupportedInterfaceOrientations_iPhone = "UIInterfaceOrientationPortrait UIInterfaceOrientationLandscapeLeft UIInterfaceOrientationLandscapeRight";
				LD_RUNPATH_SEARCH_PATHS = (
					"$(inherited)",
					"@executable_path/Frameworks",
				);
				MARKETING_VERSION = 1.0;
				PRODUCT_BUNDLE_IDENTIFIER = UIKit.informationSheet;
				PRODUCT_NAME = "$(TARGET_NAME)";
				SWIFT_EMIT_LOC_STRINGS = YES;
				SWIFT_VERSION = 5.0;
				TARGETED_DEVICE_FAMILY = "1,2";
			};
			name = Release;
		};
/* End XCBuildConfiguration section */

/* Begin XCConfigurationList section */
		AB5339A8285375040048E74D /* Build configuration list for PBXProject "informationSheet" */ = {
			isa = XCConfigurationList;
			buildConfigurations = (
				AB5339BF285375040048E74D /* Debug */,
				AB5339C0285375040048E74D /* Release */,
			);
			defaultConfigurationIsVisible = 0;
			defaultConfigurationName = Release;
		};
		AB5339C1285375040048E74D /* Build configuration list for PBXNativeTarget "informationSheet" */ = {
			isa = XCConfigurationList;
			buildConfigurations = (
				AB5339C2285375040048E74D /* Debug */,
				AB5339C3285375040048E74D /* Release */,
			);
			defaultConfigurationIsVisible = 0;
			defaultConfigurationName = Release;
		};
/* End XCConfigurationList section */

/* Begin XCRemoteSwiftPackageReference section */
		ABBE9B622863958900767086 /* XCRemoteSwiftPackageReference "StepperView" */ = {
			isa = XCRemoteSwiftPackageReference;
			repositoryURL = "https://github.com/badrinathvm/StepperView.git";
			requirement = {
				kind = upToNextMajorVersion;
				minimumVersion = 1.0.0;
			};
		};
/* End XCRemoteSwiftPackageReference section */

/* Begin XCSwiftPackageProductDependency section */
		ABBE9B632863958900767086 /* StepperView */ = {
			isa = XCSwiftPackageProductDependency;
			package = ABBE9B622863958900767086 /* XCRemoteSwiftPackageReference "StepperView" */;
			productName = StepperView;
		};
/* End XCSwiftPackageProductDependency section */
	};
	rootObject = AB5339A5285375040048E74D /* Project object */;
}
